{
  "name": "lara-blog",
  "version": "1.0.0",
  "lockfileVersion": 1,
  "requires": true,
  "dependencies": {
    "purecss-sass": {
      "version": "1.0.0",
      "resolved": "https://registry.npmjs.org/purecss-sass/-/purecss-sass-1.0.0.tgz",
      "integrity": "sha1-Y/oA1UQxExinYrxY0yjXBQm2OY8="
    }
  }
}
